// !$*UTF8*$!
{
	archiveVersion = 1;
	classes = {
	};
	objectVersion = 56;
	objects = {

/* Begin PBXBuildFile section */
		BBEE1DB4296C91750092ADA1 /* AppDelegate.swift in Sources */ = {isa = PBXBuildFile; fileRef = BBEE1DB3296C91750092ADA1 /* AppDelegate.swift */; };
		BBEE1DB7296C91750092ADA1 /* Main.storyboard in Resources */ = {isa = PBXBuildFile; fileRef = BBEE1DB5296C91750092ADA1 /* Main.storyboard */; };
		BBEE1DC9296C91750092ADA1 /* 12ft Extension.appex in Embed Foundation Extensions */ = {isa = PBXBuildFile; fileRef = BBEE1DC8296C91750092ADA1 /* 12ft Extension.appex */; settings = {ATTRIBUTES = (RemoveHeadersOnCopy, ); }; };
		BBEE1DD0296C91750092ADA1 /* Main.html in Resources */ = {isa = PBXBuildFile; fileRef = BBEE1D92296C91740092ADA1 /* Main.html */; };
		BBEE1DD2296C91750092ADA1 /* Icon.png in Resources */ = {isa = PBXBuildFile; fileRef = BBEE1D94296C91740092ADA1 /* Icon.png */; };
		BBEE1DD4296C91750092ADA1 /* Style.css in Resources */ = {isa = PBXBuildFile; fileRef = BBEE1D95296C91740092ADA1 /* Style.css */; };
		BBEE1DD6296C91750092ADA1 /* Script.js in Resources */ = {isa = PBXBuildFile; fileRef = BBEE1D96296C91740092ADA1 /* Script.js */; };
		BBEE1DD8296C91750092ADA1 /* ViewController.swift in Sources */ = {isa = PBXBuildFile; fileRef = BBEE1D97296C91740092ADA1 /* ViewController.swift */; };
		BBEE1DDA296C91750092ADA1 /* Assets.xcassets in Resources */ = {isa = PBXBuildFile; fileRef = BBEE1D98296C91750092ADA1 /* Assets.xcassets */; };
		BBEE1DDC296C91750092ADA1 /* SafariWebExtensionHandler.swift in Sources */ = {isa = PBXBuildFile; fileRef = BBEE1D9A296C91750092ADA1 /* SafariWebExtensionHandler.swift */; };
		BBEE1DF5296C91760092ADA1 /* LICENSE in Resources */ = {isa = PBXBuildFile; fileRef = BBEE1DEE296C91760092ADA1 /* LICENSE */; };
		BBEE1DF6296C91760092ADA1 /* background.js in Resources */ = {isa = PBXBuildFile; fileRef = BBEE1DEF296C91760092ADA1 /* background.js */; };
		BBEE1DF7296C91760092ADA1 /* README.md in Resources */ = {isa = PBXBuildFile; fileRef = BBEE1DF0296C91760092ADA1 /* README.md */; };
		BBEE1DF8296C91760092ADA1 /* package-lock.json in Resources */ = {isa = PBXBuildFile; fileRef = BBEE1DF1296C91760092ADA1 /* package-lock.json */; };
		BBEE1DF9296C91760092ADA1 /* package.json in Resources */ = {isa = PBXBuildFile; fileRef = BBEE1DF2296C91760092ADA1 /* package.json */; };
		BBEE1DFA296C91760092ADA1 /* manifest.json in Resources */ = {isa = PBXBuildFile; fileRef = BBEE1DF3296C91760092ADA1 /* manifest.json */; };
		BBEE1DFB296C91760092ADA1 /* assets in Resources */ = {isa = PBXBuildFile; fileRef = BBEE1DF4296C91760092ADA1 /* assets */; };
/* End PBXBuildFile section */

/* Begin PBXContainerItemProxy section */
		BBEE1DCA296C91750092ADA1 /* PBXContainerItemProxy */ = {
			isa = PBXContainerItemProxy;
			containerPortal = BBEE1D8C296C91740092ADA1 /* Project object */;
			proxyType = 1;
			remoteGlobalIDString = BBEE1DC7296C91750092ADA1;
			remoteInfo = "12ft Extension (macOS)";
		};
/* End PBXContainerItemProxy section */

/* Begin PBXCopyFilesBuildPhase section */
		BBEE1DE9296C91750092ADA1 /* Embed Foundation Extensions */ = {
			isa = PBXCopyFilesBuildPhase;
			buildActionMask = 2147483647;
			dstPath = "";
			dstSubfolderSpec = 13;
			files = (
				BBEE1DC9296C91750092ADA1 /* 12ft Extension.appex in Embed Foundation Extensions */,
			);
			name = "Embed Foundation Extensions";
			runOnlyForDeploymentPostprocessing = 0;
		};
/* End PBXCopyFilesBuildPhase section */

/* Begin PBXFileReference section */
		BBEE1D93296C91740092ADA1 /* Base */ = {isa = PBXFileReference; lastKnownFileType = text.html; name = Base; path = ../Base.lproj/Main.html; sourceTree = "<group>"; };
		BBEE1D94296C91740092ADA1 /* Icon.png */ = {isa = PBXFileReference; lastKnownFileType = image.png; path = Icon.png; sourceTree = "<group>"; };
		BBEE1D95296C91740092ADA1 /* Style.css */ = {isa = PBXFileReference; lastKnownFileType = text.css; path = Style.css; sourceTree = "<group>"; };
		BBEE1D96296C91740092ADA1 /* Script.js */ = {isa = PBXFileReference; lastKnownFileType = sourcecode.javascript; path = Script.js; sourceTree = "<group>"; };
		BBEE1D97296C91740092ADA1 /* ViewController.swift */ = {isa = PBXFileReference; lastKnownFileType = sourcecode.swift; path = ViewController.swift; sourceTree = "<group>"; };
		BBEE1D98296C91750092ADA1 /* Assets.xcassets */ = {isa = PBXFileReference; lastKnownFileType = folder.assetcatalog; path = Assets.xcassets; sourceTree = "<group>"; };
		BBEE1D9A296C91750092ADA1 /* SafariWebExtensionHandler.swift */ = {isa = PBXFileReference; lastKnownFileType = sourcecode.swift; path = SafariWebExtensionHandler.swift; sourceTree = "<group>"; };
		BBEE1DB1296C91750092ADA1 /* 12ft.app */ = {isa = PBXFileReference; explicitFileType = wrapper.application; includeInIndex = 0; path = 12ft.app; sourceTree = BUILT_PRODUCTS_DIR; };
		BBEE1DB3296C91750092ADA1 /* AppDelegate.swift */ = {isa = PBXFileReference; lastKnownFileType = sourcecode.swift; path = AppDelegate.swift; sourceTree = "<group>"; };
		BBEE1DB6296C91750092ADA1 /* Base */ = {isa = PBXFileReference; lastKnownFileType = file.storyboard; name = Base; path = Base.lproj/Main.storyboard; sourceTree = "<group>"; };
		BBEE1DB8296C91750092ADA1 /* Info.plist */ = {isa = PBXFileReference; lastKnownFileType = text.plist.xml; path = Info.plist; sourceTree = "<group>"; };
		BBEE1DB9296C91750092ADA1 /* 12ft.entitlements */ = {isa = PBXFileReference; lastKnownFileType = text.plist.entitlements; path = 12ft.entitlements; sourceTree = "<group>"; };
		BBEE1DC8296C91750092ADA1 /* 12ft Extension.appex */ = {isa = PBXFileReference; explicitFileType = "wrapper.app-extension"; includeInIndex = 0; path = "12ft Extension.appex"; sourceTree = BUILT_PRODUCTS_DIR; };
		BBEE1DCD296C91750092ADA1 /* Info.plist */ = {isa = PBXFileReference; lastKnownFileType = text.plist.xml; path = Info.plist; sourceTree = "<group>"; };
		BBEE1DCE296C91750092ADA1 /* 12ft.entitlements */ = {isa = PBXFileReference; lastKnownFileType = text.plist.entitlements; path = 12ft.entitlements; sourceTree = "<group>"; };
		BBEE1DEE296C91760092ADA1 /* LICENSE */ = {isa = PBXFileReference; lastKnownFileType = text; name = LICENSE; path = "../../Downloads/12ft-browser-extension-main/LICENSE"; sourceTree = "<group>"; };
		BBEE1DEF296C91760092ADA1 /* background.js */ = {isa = PBXFileReference; lastKnownFileType = sourcecode.javascript; name = background.js; path = "../../Downloads/12ft-browser-extension-main/background.js"; sourceTree = "<group>"; };
		BBEE1DF0296C91760092ADA1 /* README.md */ = {isa = PBXFileReference; lastKnownFileType = net.daringfireball.markdown; name = README.md; path = "../../Downloads/12ft-browser-extension-main/README.md"; sourceTree = "<group>"; };
		BBEE1DF1296C91760092ADA1 /* package-lock.json */ = {isa = PBXFileReference; lastKnownFileType = text.json; name = "package-lock.json"; path = "../../Downloads/12ft-browser-extension-main/package-lock.json"; sourceTree = "<group>"; };
		BBEE1DF2296C91760092ADA1 /* package.json */ = {isa = PBXFileReference; lastKnownFileType = text.json; name = package.json; path = "../../Downloads/12ft-browser-extension-main/package.json"; sourceTree = "<group>"; };
		BBEE1DF3296C91760092ADA1 /* manifest.json */ = {isa = PBXFileReference; lastKnownFileType = text.json; name = manifest.json; path = "../../Downloads/12ft-browser-extension-main/manifest.json"; sourceTree = "<group>"; };
		BBEE1DF4296C91760092ADA1 /* assets */ = {isa = PBXFileReference; lastKnownFileType = folder; name = assets; path = "../../Downloads/12ft-browser-extension-main/assets"; sourceTree = "<group>"; };
/* End PBXFileReference section */

/* Begin PBXFrameworksBuildPhase section */
		BBEE1DAE296C91750092ADA1 /* Frameworks */ = {
			isa = PBXFrameworksBuildPhase;
			buildActionMask = 2147483647;
			files = (
			);
			runOnlyForDeploymentPostprocessing = 0;
		};
		BBEE1DC5296C91750092ADA1 /* Frameworks */ = {
			isa = PBXFrameworksBuildPhase;
			buildActionMask = 2147483647;
			files = (
			);
			runOnlyForDeploymentPostprocessing = 0;
		};
/* End PBXFrameworksBuildPhase section */

/* Begin PBXGroup section */
		BBEE1D8B296C91740092ADA1 = {
			isa = PBXGroup;
			children = (
				BBEE1D90296C91740092ADA1 /* Shared (App) */,
				BBEE1D99296C91750092ADA1 /* Shared (Extension) */,
				BBEE1DB2296C91750092ADA1 /* macOS (App) */,
				BBEE1DCC296C91750092ADA1 /* macOS (Extension) */,
				BBEE1DA0296C91750092ADA1 /* Products */,
			);
			sourceTree = "<group>";
		};
		BBEE1D90296C91740092ADA1 /* Shared (App) */ = {
			isa = PBXGroup;
			children = (
				BBEE1D97296C91740092ADA1 /* ViewController.swift */,
				BBEE1D98296C91750092ADA1 /* Assets.xcassets */,
				BBEE1D91296C91740092ADA1 /* Resources */,
			);
			path = "Shared (App)";
			sourceTree = "<group>";
		};
		BBEE1D91296C91740092ADA1 /* Resources */ = {
			isa = PBXGroup;
			children = (
				BBEE1D92296C91740092ADA1 /* Main.html */,
				BBEE1D94296C91740092ADA1 /* Icon.png */,
				BBEE1D95296C91740092ADA1 /* Style.css */,
				BBEE1D96296C91740092ADA1 /* Script.js */,
			);
			path = Resources;
			sourceTree = "<group>";
		};
		BBEE1D99296C91750092ADA1 /* Shared (Extension) */ = {
			isa = PBXGroup;
			children = (
				BBEE1DED296C91760092ADA1 /* Resources */,
				BBEE1D9A296C91750092ADA1 /* SafariWebExtensionHandler.swift */,
			);
			path = "Shared (Extension)";
			sourceTree = "<group>";
		};
		BBEE1DA0296C91750092ADA1 /* Products */ = {
			isa = PBXGroup;
			children = (
				BBEE1DB1296C91750092ADA1 /* 12ft.app */,
				BBEE1DC8296C91750092ADA1 /* 12ft Extension.appex */,
			);
			name = Products;
			sourceTree = "<group>";
		};
		BBEE1DB2296C91750092ADA1 /* macOS (App) */ = {
			isa = PBXGroup;
			children = (
				BBEE1DB3296C91750092ADA1 /* AppDelegate.swift */,
				BBEE1DB5296C91750092ADA1 /* Main.storyboard */,
				BBEE1DB8296C91750092ADA1 /* Info.plist */,
				BBEE1DB9296C91750092ADA1 /* 12ft.entitlements */,
			);
			path = "macOS (App)";
			sourceTree = "<group>";
		};
		BBEE1DCC296C91750092ADA1 /* macOS (Extension) */ = {
			isa = PBXGroup;
			children = (
				BBEE1DCD296C91750092ADA1 /* Info.plist */,
				BBEE1DCE296C91750092ADA1 /* 12ft.entitlements */,
			);
			path = "macOS (Extension)";
			sourceTree = "<group>";
		};
		BBEE1DED296C91760092ADA1 /* Resources */ = {
			isa = PBXGroup;
			children = (
				BBEE1DEE296C91760092ADA1 /* LICENSE */,
				BBEE1DEF296C91760092ADA1 /* background.js */,
				BBEE1DF0296C91760092ADA1 /* README.md */,
				BBEE1DF1296C91760092ADA1 /* package-lock.json */,
				BBEE1DF2296C91760092ADA1 /* package.json */,
				BBEE1DF3296C91760092ADA1 /* manifest.json */,
				BBEE1DF4296C91760092ADA1 /* assets */,
			);
			name = Resources;
			path = "Shared (Extension)";
			sourceTree = SOURCE_ROOT;
		};
/* End PBXGroup section */

/* Begin PBXNativeTarget section */
		BBEE1DB0296C91750092ADA1 /* 12ft (macOS) */ = {
			isa = PBXNativeTarget;
			buildConfigurationList = BBEE1DEA296C91750092ADA1 /* Build configuration list for PBXNativeTarget "12ft (macOS)" */;
			buildPhases = (
				BBEE1DAD296C91750092ADA1 /* Sources */,
				BBEE1DAE296C91750092ADA1 /* Frameworks */,
				BBEE1DAF296C91750092ADA1 /* Resources */,
				BBEE1DE9296C91750092ADA1 /* Embed Foundation Extensions */,
			);
			buildRules = (
			);
			dependencies = (
				BBEE1DCB296C91750092ADA1 /* PBXTargetDependency */,
			);
			name = "12ft (macOS)";
			productName = "12ft (macOS)";
			productReference = BBEE1DB1296C91750092ADA1 /* 12ft.app */;
			productType = "com.apple.product-type.application";
		};
		BBEE1DC7296C91750092ADA1 /* 12ft Extension (macOS) */ = {
			isa = PBXNativeTarget;
			buildConfigurationList = BBEE1DE6296C91750092ADA1 /* Build configuration list for PBXNativeTarget "12ft Extension (macOS)" */;
			buildPhases = (
				BBEE1DC4296C91750092ADA1 /* Sources */,
				BBEE1DC5296C91750092ADA1 /* Frameworks */,
				BBEE1DC6296C91750092ADA1 /* Resources */,
			);
			buildRules = (
			);
			dependencies = (
			);
			name = "12ft Extension (macOS)";
			productName = "12ft Extension (macOS)";
			productReference = BBEE1DC8296C91750092ADA1 /* 12ft Extension.appex */;
			productType = "com.apple.product-type.app-extension";
		};
/* End PBXNativeTarget section */

/* Begin PBXProject section */
		BBEE1D8C296C91740092ADA1 /* Project object */ = {
			isa = PBXProject;
			attributes = {
				BuildIndependentTargetsInParallel = 1;
				LastSwiftUpdateCheck = 1420;
				LastUpgradeCheck = 1420;
				TargetAttributes = {
					BBEE1DB0296C91750092ADA1 = {
						CreatedOnToolsVersion = 14.2;
					};
					BBEE1DC7296C91750092ADA1 = {
						CreatedOnToolsVersion = 14.2;
					};
				};
			};
			buildConfigurationList = BBEE1D8F296C91740092ADA1 /* Build configuration list for PBXProject "12ft" */;
			compatibilityVersion = "Xcode 14.0";
			developmentRegion = en;
			hasScannedForEncodings = 0;
			knownRegions = (
				en,
				Base,
			);
			mainGroup = BBEE1D8B296C91740092ADA1;
			productRefGroup = BBEE1DA0296C91750092ADA1 /* Products */;
			projectDirPath = "";
			projectRoot = "";
			targets = (
				BBEE1DB0296C91750092ADA1 /* 12ft (macOS) */,
				BBEE1DC7296C91750092ADA1 /* 12ft Extension (macOS) */,
			);
		};
/* End PBXProject section */

/* Begin PBXResourcesBuildPhase section */
		BBEE1DAF296C91750092ADA1 /* Resources */ = {
			isa = PBXResourcesBuildPhase;
			buildActionMask = 2147483647;
			files = (
				BBEE1DD2296C91750092ADA1 /* Icon.png in Resources */,
				BBEE1DD4296C91750092ADA1 /* Style.css in Resources */,
				BBEE1DB7296C91750092ADA1 /* Main.storyboard in Resources */,
				BBEE1DD6296C91750092ADA1 /* Script.js in Resources */,
				BBEE1DDA296C91750092ADA1 /* Assets.xcassets in Resources */,
				BBEE1DD0296C91750092ADA1 /* Main.html in Resources */,
			);
			runOnlyForDeploymentPostprocessing = 0;
		};
		BBEE1DC6296C91750092ADA1 /* Resources */ = {
			isa = PBXResourcesBuildPhase;
			buildActionMask = 2147483647;
			files = (
				BBEE1DF7296C91760092ADA1 /* README.md in Resources */,
				BBEE1DF6296C91760092ADA1 /* background.js in Resources */,
				BBEE1DFB296C91760092ADA1 /* assets in Resources */,
				BBEE1DF5296C91760092ADA1 /* LICENSE in Resources */,
				BBEE1DF8296C91760092ADA1 /* package-lock.json in Resources */,
				BBEE1DFA296C91760092ADA1 /* manifest.json in Resources */,
				BBEE1DF9296C91760092ADA1 /* package.json in Resources */,
			);
			runOnlyForDeploymentPostprocessing = 0;
		};
/* End PBXResourcesBuildPhase section */

/* Begin PBXSourcesBuildPhase section */
		BBEE1DAD296C91750092ADA1 /* Sources */ = {
			isa = PBXSourcesBuildPhase;
			buildActionMask = 2147483647;
			files = (
				BBEE1DD8296C91750092ADA1 /* ViewController.swift in Sources */,
				BBEE1DB4296C91750092ADA1 /* AppDelegate.swift in Sources */,
			);
			runOnlyForDeploymentPostprocessing = 0;
		};
		BBEE1DC4296C91750092ADA1 /* Sources */ = {
			isa = PBXSourcesBuildPhase;
			buildActionMask = 2147483647;
			files = (
				BBEE1DDC296C91750092ADA1 /* SafariWebExtensionHandler.swift in Sources */,
			);
			runOnlyForDeploymentPostprocessing = 0;
		};
/* End PBXSourcesBuildPhase section */

/* Begin PBXTargetDependency section */
		BBEE1DCB296C91750092ADA1 /* PBXTargetDependency */ = {
			isa = PBXTargetDependency;
			target = BBEE1DC7296C91750092ADA1 /* 12ft Extension (macOS) */;
			targetProxy = BBEE1DCA296C91750092ADA1 /* PBXContainerItemProxy */;
		};
/* End PBXTargetDependency section */

/* Begin PBXVariantGroup section */
		BBEE1D92296C91740092ADA1 /* Main.html */ = {
			isa = PBXVariantGroup;
			children = (
				BBEE1D93296C91740092ADA1 /* Base */,
			);
			name = Main.html;
			sourceTree = "<group>";
		};
		BBEE1DB5296C91750092ADA1 /* Main.storyboard */ = {
			isa = PBXVariantGroup;
			children = (
				BBEE1DB6296C91750092ADA1 /* Base */,
			);
			name = Main.storyboard;
			sourceTree = "<group>";
		};
/* End PBXVariantGroup section */

/* Begin XCBuildConfiguration section */
		BBEE1DDD296C91750092ADA1 /* Debug */ = {
			isa = XCBuildConfiguration;
			buildSettings = {
				ALWAYS_SEARCH_USER_PATHS = NO;
				CLANG_ANALYZER_NONNULL = YES;
				CLANG_ANALYZER_NUMBER_OBJECT_CONVERSION = YES_AGGRESSIVE;
				CLANG_CXX_LANGUAGE_STANDARD = "gnu++20";
				CLANG_ENABLE_MODULES = YES;
				CLANG_ENABLE_OBJC_ARC = YES;
				CLANG_ENABLE_OBJC_WEAK = YES;
				CLANG_WARN_BLOCK_CAPTURE_AUTORELEASING = YES;
				CLANG_WARN_BOOL_CONVERSION = YES;
				CLANG_WARN_COMMA = YES;
				CLANG_WARN_CONSTANT_CONVERSION = YES;
				CLANG_WARN_DEPRECATED_OBJC_IMPLEMENTATIONS = YES;
				CLANG_WARN_DIRECT_OBJC_ISA_USAGE = YES_ERROR;
				CLANG_WARN_DOCUMENTATION_COMMENTS = YES;
				CLANG_WARN_EMPTY_BODY = YES;
				CLANG_WARN_ENUM_CONVERSION = YES;
				CLANG_WARN_INFINITE_RECURSION = YES;
				CLANG_WARN_INT_CONVERSION = YES;
				CLANG_WARN_NON_LITERAL_NULL_CONVERSION = YES;
				CLANG_WARN_OBJC_IMPLICIT_RETAIN_SELF = YES;
				CLANG_WARN_OBJC_LITERAL_CONVERSION = YES;
				CLANG_WARN_OBJC_ROOT_CLASS = YES_ERROR;
				CLANG_WARN_QUOTED_INCLUDE_IN_FRAMEWORK_HEADER = YES;
				CLANG_WARN_RANGE_LOOP_ANALYSIS = YES;
				CLANG_WARN_STRICT_PROTOTYPES = YES;
				CLANG_WARN_SUSPICIOUS_MOVE = YES;
				CLANG_WARN_UNGUARDED_AVAILABILITY = YES_AGGRESSIVE;
				CLANG_WARN_UNREACHABLE_CODE = YES;
				CLANG_WARN__DUPLICATE_METHOD_MATCH = YES;
				COPY_PHASE_STRIP = NO;
				DEBUG_INFORMATION_FORMAT = dwarf;
				ENABLE_STRICT_OBJC_MSGSEND = YES;
				ENABLE_TESTABILITY = YES;
				GCC_C_LANGUAGE_STANDARD = gnu11;
				GCC_DYNAMIC_NO_PIC = NO;
				GCC_NO_COMMON_BLOCKS = YES;
				GCC_OPTIMIZATION_LEVEL = 0;
				GCC_PREPROCESSOR_DEFINITIONS = (
					"DEBUG=1",
					"$(inherited)",
				);
				GCC_WARN_64_TO_32_BIT_CONVERSION = YES;
				GCC_WARN_ABOUT_RETURN_TYPE = YES_ERROR;
				GCC_WARN_UNDECLARED_SELECTOR = YES;
				GCC_WARN_UNINITIALIZED_AUTOS = YES_AGGRESSIVE;
				GCC_WARN_UNUSED_FUNCTION = YES;
				GCC_WARN_UNUSED_VARIABLE = YES;
				MTL_ENABLE_DEBUG_INFO = INCLUDE_SOURCE;
				MTL_FAST_MATH = YES;
				ONLY_ACTIVE_ARCH = YES;
				SWIFT_ACTIVE_COMPILATION_CONDITIONS = DEBUG;
				SWIFT_OPTIMIZATION_LEVEL = "-Onone";
			};
			name = Debug;
		};
		BBEE1DDE296C91750092ADA1 /* Release */ = {
			isa = XCBuildConfiguration;
			buildSettings = {
				ALWAYS_SEARCH_USER_PATHS = NO;
				CLANG_ANALYZER_NONNULL = YES;
				CLANG_ANALYZER_NUMBER_OBJECT_CONVERSION = YES_AGGRESSIVE;
				CLANG_CXX_LANGUAGE_STANDARD = "gnu++20";
				CLANG_ENABLE_MODULES = YES;
				CLANG_ENABLE_OBJC_ARC = YES;
				CLANG_ENABLE_OBJC_WEAK = YES;
				CLANG_WARN_BLOCK_CAPTURE_AUTORELEASING = YES;
				CLANG_WARN_BOOL_CONVERSION = YES;
				CLANG_WARN_COMMA = YES;
				CLANG_WARN_CONSTANT_CONVERSION = YES;
				CLANG_WARN_DEPRECATED_OBJC_IMPLEMENTATIONS = YES;
				CLANG_WARN_DIRECT_OBJC_ISA_USAGE = YES_ERROR;
				CLANG_WARN_DOCUMENTATION_COMMENTS = YES;
				CLANG_WARN_EMPTY_BODY = YES;
				CLANG_WARN_ENUM_CONVERSION = YES;
				CLANG_WARN_INFINITE_RECURSION = YES;
				CLANG_WARN_INT_CONVERSION = YES;
				CLANG_WARN_NON_LITERAL_NULL_CONVERSION = YES;
				CLANG_WARN_OBJC_IMPLICIT_RETAIN_SELF = YES;
				CLANG_WARN_OBJC_LITERAL_CONVERSION = YES;
				CLANG_WARN_OBJC_ROOT_CLASS = YES_ERROR;
				CLANG_WARN_QUOTED_INCLUDE_IN_FRAMEWORK_HEADER = YES;
				CLANG_WARN_RANGE_LOOP_ANALYSIS = YES;
				CLANG_WARN_STRICT_PROTOTYPES = YES;
				CLANG_WARN_SUSPICIOUS_MOVE = YES;
				CLANG_WARN_UNGUARDED_AVAILABILITY = YES_AGGRESSIVE;
				CLANG_WARN_UNREACHABLE_CODE = YES;
				CLANG_WARN__DUPLICATE_METHOD_MATCH = YES;
				COPY_PHASE_STRIP = NO;
				DEBUG_INFORMATION_FORMAT = "dwarf-with-dsym";
				ENABLE_NS_ASSERTIONS = NO;
				ENABLE_STRICT_OBJC_MSGSEND = YES;
				GCC_C_LANGUAGE_STANDARD = gnu11;
				GCC_NO_COMMON_BLOCKS = YES;
				GCC_WARN_64_TO_32_BIT_CONVERSION = YES;
				GCC_WARN_ABOUT_RETURN_TYPE = YES_ERROR;
				GCC_WARN_UNDECLARED_SELECTOR = YES;
				GCC_WARN_UNINITIALIZED_AUTOS = YES_AGGRESSIVE;
				GCC_WARN_UNUSED_FUNCTION = YES;
				GCC_WARN_UNUSED_VARIABLE = YES;
				MTL_ENABLE_DEBUG_INFO = NO;
				MTL_FAST_MATH = YES;
				SWIFT_COMPILATION_MODE = wholemodule;
				SWIFT_OPTIMIZATION_LEVEL = "-O";
			};
			name = Release;
		};
		BBEE1DE7296C91750092ADA1 /* Debug */ = {
			isa = XCBuildConfiguration;
			buildSettings = {
				CODE_SIGN_ENTITLEMENTS = "macOS (Extension)/12ft.entitlements";
				CODE_SIGN_STYLE = Automatic;
				CURRENT_PROJECT_VERSION = 1;
				DEVELOPMENT_TEAM = F5SNH459WD;
				ENABLE_HARDENED_RUNTIME = YES;
				GENERATE_INFOPLIST_FILE = YES;
				INFOPLIST_FILE = "macOS (Extension)/Info.plist";
				INFOPLIST_KEY_CFBundleDisplayName = "12ft Extension";
				INFOPLIST_KEY_NSHumanReadableCopyright = "";
				LD_RUNPATH_SEARCH_PATHS = (
					"$(inherited)",
					"@executable_path/../Frameworks",
					"@executable_path/../../../../Frameworks",
				);
				MACOSX_DEPLOYMENT_TARGET = 10.14;
				MARKETING_VERSION = 1.0;
				OTHER_LDFLAGS = (
					"-framework",
					SafariServices,
				);
				PRODUCT_BUNDLE_IDENTIFIER = "com.babyyoda777.-2ft";
				PRODUCT_NAME = "12ft Extension";
				SDKROOT = macosx;
				SKIP_INSTALL = YES;
				SWIFT_EMIT_LOC_STRINGS = YES;
				SWIFT_VERSION = 5.0;
			};
			name = Debug;
		};
		BBEE1DE8296C91750092ADA1 /* Release */ = {
			isa = XCBuildConfiguration;
			buildSettings = {
				CODE_SIGN_ENTITLEMENTS = "macOS (Extension)/12ft.entitlements";
				CODE_SIGN_STYLE = Automatic;
				CURRENT_PROJECT_VERSION = 1;
				DEVELOPMENT_TEAM = F5SNH459WD;
				ENABLE_HARDENED_RUNTIME = YES;
				GENERATE_INFOPLIST_FILE = YES;
				INFOPLIST_FILE = "macOS (Extension)/Info.plist";
				INFOPLIST_KEY_CFBundleDisplayName = "12ft Extension";
				INFOPLIST_KEY_NSHumanReadableCopyright = "";
				LD_RUNPATH_SEARCH_PATHS = (
					"$(inherited)",
					"@executable_path/../Frameworks",
					"@executable_path/../../../../Frameworks",
				);
				MACOSX_DEPLOYMENT_TARGET = 10.14;
				MARKETING_VERSION = 1.0;
				OTHER_LDFLAGS = (
					"-framework",
					SafariServices,
				);
				PRODUCT_BUNDLE_IDENTIFIER = "com.babyyoda777.-2ft";
				PRODUCT_NAME = "12ft Extension";
				SDKROOT = macosx;
				SKIP_INSTALL = YES;
				SWIFT_EMIT_LOC_STRINGS = YES;
				SWIFT_VERSION = 5.0;
			};
			name = Release;
		};
		BBEE1DEB296C91750092ADA1 /* Debug */ = {
			isa = XCBuildConfiguration;
			buildSettings = {
				ALWAYS_EMBED_SWIFT_STANDARD_LIBRARIES = YES;
				ASSETCATALOG_COMPILER_APPICON_NAME = AppIcon;
				ASSETCATALOG_COMPILER_GLOBAL_ACCENT_COLOR_NAME = AccentColor;
				CODE_SIGN_ENTITLEMENTS = "macOS (App)/12ft.entitlements";
				CODE_SIGN_STYLE = Automatic;
				CURRENT_PROJECT_VERSION = 1;
				DEVELOPMENT_TEAM = F5SNH459WD;
				ENABLE_HARDENED_RUNTIME = YES;
				GENERATE_INFOPLIST_FILE = YES;
				INFOPLIST_FILE = "macOS (App)/Info.plist";
				INFOPLIST_KEY_CFBundleDisplayName = 12ft;
				INFOPLIST_KEY_NSMainStoryboardFile = Main;
				INFOPLIST_KEY_NSPrincipalClass = NSApplication;
				LD_RUNPATH_SEARCH_PATHS = (
					"$(inherited)",
					"@executable_path/../Frameworks",
				);
				MACOSX_DEPLOYMENT_TARGET = 10.14;
				MARKETING_VERSION = 1.0;
				OTHER_LDFLAGS = (
					"-framework",
					SafariServices,
					"-framework",
					WebKit,
				);
				PRODUCT_BUNDLE_IDENTIFIER = "com.babyyoda777.-2ft";
				PRODUCT_NAME = 12ft;
				SDKROOT = macosx;
				SWIFT_EMIT_LOC_STRINGS = YES;
				SWIFT_VERSION = 5.0;
			};
			name = Debug;
		};
		BBEE1DEC296C91750092ADA1 /* Release */ = {
			isa = XCBuildConfiguration;
			buildSettings = {
				ALWAYS_EMBED_SWIFT_STANDARD_LIBRARIES = YES;
				ASSETCATALOG_COMPILER_APPICON_NAME = AppIcon;
				ASSETCATALOG_COMPILER_GLOBAL_ACCENT_COLOR_NAME = AccentColor;
				CODE_SIGN_ENTITLEMENTS = "macOS (App)/12ft.entitlements";
				CODE_SIGN_STYLE = Automatic;
				CURRENT_PROJECT_VERSION = 1;
				DEVELOPMENT_TEAM = F5SNH459WD;
				ENABLE_HARDENED_RUNTIME = YES;
				GENERATE_INFOPLIST_FILE = YES;
				INFOPLIST_FILE = "macOS (App)/Info.plist";
				INFOPLIST_KEY_CFBundleDisplayName = 12ft;
				INFOPLIST_KEY_NSMainStoryboardFile = Main;
				INFOPLIST_KEY_NSPrincipalClass = NSApplication;
				LD_RUNPATH_SEARCH_PATHS = (
					"$(inherited)",
					"@executable_path/../Frameworks",
				);
				MACOSX_DEPLOYMENT_TARGET = 10.14;
				MARKETING_VERSION = 1.0;
				OTHER_LDFLAGS = (
					"-framework",
					SafariServices,
					"-framework",
					WebKit,
				);
				PRODUCT_BUNDLE_IDENTIFIER = "com.babyyoda777.-2ft";
				PRODUCT_NAME = 12ft;
				SDKROOT = macosx;
				SWIFT_EMIT_LOC_STRINGS = YES;
				SWIFT_VERSION = 5.0;
			};
			name = Release;
		};
/* End XCBuildConfiguration section */

/* Begin XCConfigurationList section */
		BBEE1D8F296C91740092ADA1 /* Build configuration list for PBXProject "12ft" */ = {
			isa = XCConfigurationList;
			buildConfigurations = (
				BBEE1DDD296C91750092ADA1 /* Debug */,
				BBEE1DDE296C91750092ADA1 /* Release */,
			);
			defaultConfigurationIsVisible = 0;
			defaultConfigurationName = Release;
		};
		BBEE1DE6296C91750092ADA1 /* Build configuration list for PBXNativeTarget "12ft Extension (macOS)" */ = {
			isa = XCConfigurationList;
			buildConfigurations = (
				BBEE1DE7296C91750092ADA1 /* Debug */,
				BBEE1DE8296C91750092ADA1 /* Release */,
			);
			defaultConfigurationIsVisible = 0;
			defaultConfigurationName = Release;
		};
		BBEE1DEA296C91750092ADA1 /* Build configuration list for PBXNativeTarget "12ft (macOS)" */ = {
			isa = XCConfigurationList;
			buildConfigurations = (
				BBEE1DEB296C91750092ADA1 /* Debug */,
				BBEE1DEC296C91750092ADA1 /* Release */,
			);
			defaultConfigurationIsVisible = 0;
			defaultConfigurationName = Release;
		};
/* End XCConfigurationList section */
	};
	rootObject = BBEE1D8C296C91740092ADA1 /* Project object */;
}
